<Solution>
  <Project Path="VeraciBot.Core/VeraciBot.Core.csproj" />
  <Project Path="VeraciBot.Application/VeraciBot.Application.csproj" />
  <Project Path="VeraciBot.Infrastructure/VeraciBot.Infrastructure.csproj" />
  <Project Path="VeraciBot.App/VeraciBot.App.csproj" />
  <Project Path="VeraciBot.Tests/VeraciBot.Tests.csproj" />
  <Project Path="VeraciBot.IntegrationTests/VeraciBot.IntegrationTests.csproj" />
</Solution>
