
Microsoft Visual Studio Solution File, Format Version 12.00
# Visual Studio Version 17
VisualStudioVersion = 17.13.35931.197
MinimumVisualStudioVersion = 10.0.40219.1
Project("{FAE04EC0-301F-11D3-BF4B-00C04F79EFBC}") = "VeraciBot", "VeraciBot\VeraciBot.csproj", "{82E10FAC-538E-1777-2A67-AAA1154E172C}"
EndProject
Project("{FAE04EC0-301F-11D3-BF4B-00C04F79EFBC}") = "VeraciLib", "VeraciLib\VeraciLib.csproj", "{B5D3DA50-61CE-BD15-F76E-E735061694DB}"
EndProject
Project("{FAE04EC0-301F-11D3-BF4B-00C04F79EFBC}") = "VeraciApp", "VeraciApp\VeraciApp.csproj", "{B3D6B197-2B44-7DF4-5A16-3F441D1F8D38}"
EndProject
Project("{FAE04EC0-301F-11D3-BF4B-00C04F79EFBC}") = "Veracibot.API", "Veracibot.API\Veracibot.API.csproj", "{C7235501-52B7-4BC1-82E9-FB391CADB540}"
EndProject
Global
	GlobalSection(SolutionConfigurationPlatforms) = preSolution
		Debug|Any CPU = Debug|Any CPU
		Release|Any CPU = Release|Any CPU
	EndGlobalSection
	GlobalSection(ProjectConfigurationPlatforms) = postSolution
		{82E10FAC-538E-1777-2A67-AAA1154E172C}.Debug|Any CPU.ActiveCfg = Debug|Any CPU
		{82E10FAC-538E-1777-2A67-AAA1154E172C}.Debug|Any CPU.Build.0 = Debug|Any CPU
		{82E10FAC-538E-1777-2A67-AAA1154E172C}.Release|Any CPU.ActiveCfg = Release|Any CPU
		{82E10FAC-538E-1777-2A67-AAA1154E172C}.Release|Any CPU.Build.0 = Release|Any CPU
		{B5D3DA50-61CE-BD15-F76E-E735061694DB}.Debug|Any CPU.ActiveCfg = Debug|Any CPU
		{B5D3DA50-61CE-BD15-F76E-E735061694DB}.Debug|Any CPU.Build.0 = Debug|Any CPU
		{B5D3DA50-61CE-BD15-F76E-E735061694DB}.Release|Any CPU.ActiveCfg = Release|Any CPU
		{B5D3DA50-61CE-BD15-F76E-E735061694DB}.Release|Any CPU.Build.0 = Release|Any CPU
		{B3D6B197-2B44-7DF4-5A16-3F441D1F8D38}.Debug|Any CPU.ActiveCfg = Debug|Any CPU
		{B3D6B197-2B44-7DF4-5A16-3F441D1F8D38}.Debug|Any CPU.Build.0 = Debug|Any CPU
		{B3D6B197-2B44-7DF4-5A16-3F441D1F8D38}.Release|Any CPU.ActiveCfg = Release|Any CPU
		{B3D6B197-2B44-7DF4-5A16-3F441D1F8D38}.Release|Any CPU.Build.0 = Release|Any CPU
		{C7235501-52B7-4BC1-82E9-FB391CADB540}.Debug|Any CPU.ActiveCfg = Debug|Any CPU
		{C7235501-52B7-4BC1-82E9-FB391CADB540}.Debug|Any CPU.Build.0 = Debug|Any CPU
		{C7235501-52B7-4BC1-82E9-FB391CADB540}.Release|Any CPU.ActiveCfg = Release|Any CPU
		{C7235501-52B7-4BC1-82E9-FB391CADB540}.Release|Any CPU.Build.0 = Release|Any CPU
	EndGlobalSection
	GlobalSection(SolutionProperties) = preSolution
		HideSolutionNode = FALSE
	EndGlobalSection
	GlobalSection(ExtensibilityGlobals) = postSolution
		SolutionGuid = {19D37E46-EF52-4972-88AB-23A4B0E301D6}
	EndGlobalSection
EndGlobal
