
Microsoft Visual Studio Solution File, Format Version 12.00
# Visual Studio Version 17
VisualStudioVersion = 17.13.35931.197 d17.13
MinimumVisualStudioVersion = 10.0.40219.1
Project("{FAE04EC0-301F-11D3-BF4B-00C04F79EFBC}") = "VeraciBot", "VeraciBot.csproj", "{8A07F1BC-535D-4DDE-8C0C-A8813590A4EA}"
EndProject
Global
	GlobalSection(SolutionConfigurationPlatforms) = preSolution
		Debug|Any CPU = Debug|Any CPU
		Release|Any CPU = Release|Any CPU
	EndGlobalSection
	GlobalSection(ProjectConfigurationPlatforms) = postSolution
		{8A07F1BC-535D-4DDE-8C0C-A8813590A4EA}.Debug|Any CPU.ActiveCfg = Debug|Any CPU
		{8A07F1BC-535D-4DDE-8C0C-A8813590A4EA}.Debug|Any CPU.Build.0 = Debug|Any CPU
		{8A07F1BC-535D-4DDE-8C0C-A8813590A4EA}.Release|Any CPU.ActiveCfg = Release|Any CPU
		{8A07F1BC-535D-4DDE-8C0C-A8813590A4EA}.Release|Any CPU.Build.0 = Release|Any CPU
	EndGlobalSection
	GlobalSection(SolutionProperties) = preSolution
		HideSolutionNode = FALSE
	EndGlobalSection
	GlobalSection(ExtensibilityGlobals) = postSolution
		SolutionGuid = {19D37E46-EF52-4972-88AB-23A4B0E301D6}
	EndGlobalSection
EndGlobal
